
Microsoft Visual Studio Solution File, Format Version 12.00
# Visual Studio Version 16
VisualStudioVersion = 16.0.30011.22
MinimumVisualStudioVersion = 10.0.40219.1
Project("{FAE04EC0-301F-11D3-BF4B-00C04F79EFBC}") = "WPFStyle", "WPFStyle.csproj", "{82F3FD85-D0AC-4912-AD3A-F2AD70628F80}"
EndProject
Global
	GlobalSection(SolutionConfigurationPlatforms) = preSolution
		Debug|Any CPU = Debug|Any CPU
		Release|Any CPU = Release|Any CPU
	EndGlobalSection
	GlobalSection(ProjectConfigurationPlatforms) = postSolution
		{82F3FD85-D0AC-4912-AD3A-F2AD70628F80}.Debug|Any CPU.ActiveCfg = Debug|Any CPU
		{82F3FD85-D0AC-4912-AD3A-F2AD70628F80}.Debug|Any CPU.Build.0 = Debug|Any CPU
		{82F3FD85-D0AC-4912-AD3A-F2AD70628F80}.Release|Any CPU.ActiveCfg = Release|Any CPU
		{82F3FD85-D0AC-4912-AD3A-F2AD70628F80}.Release|Any CPU.Build.0 = Release|Any CPU
	EndGlobalSection
	GlobalSection(SolutionProperties) = preSolution
		HideSolutionNode = FALSE
	EndGlobalSection
	GlobalSection(ExtensibilityGlobals) = postSolution
		SolutionGuid = {CB1D381E-B509-459D-8590-0199D1F703CA}
	EndGlobalSection
EndGlobal
